
Microsoft Visual Studio Solution File, Format Version 12.00
# Visual Studio Version 16
VisualStudioVersion = 16.0.30523.141
MinimumVisualStudioVersion = 10.0.40219.1
Project("{FAE04EC0-301F-11D3-BF4B-00C04F79EFBC}") = "SanBag", "SanBag\SanBag.csproj", "{006717C7-AA8D-4F47-94A6-6F71C526E7DD}"
EndProject
Project("{FAE04EC0-301F-11D3-BF4B-00C04F79EFBC}") = "AtlasView", "AtlasView\AtlasView.csproj", "{DFA93511-1119-446B-AE88-116B9167C09C}"
EndProject
Project("{FAE04EC0-301F-11D3-BF4B-00C04F79EFBC}") = "CommonUI", "CommonUI\CommonUI.csproj", "{C799B853-615E-4215-A17A-4E2F9687A163}"
EndProject
Project("{FAE04EC0-301F-11D3-BF4B-00C04F79EFBC}") = "LibSanBag", "LibSanBag\LibSanBag\LibSanBag.csproj", "{14A58A49-5247-442F-B0F2-C3A5D7A88D76}"
EndProject
Project("{FAE04EC0-301F-11D3-BF4B-00C04F79EFBC}") = "LibSanBag.Tests", "LibSanBag\LibSanBag.Tests\LibSanBag.Tests.csproj", "{8EDF4429-251A-416D-BB68-93F227191BCF}"
EndProject
Project("{FAE04EC0-301F-11D3-BF4B-00C04F79EFBC}") = "7zip", "7zip\7zip.csproj", "{778AAA2E-D892-4B64-8135-D0F4BAED1E5D}"
EndProject
Global
	GlobalSection(SolutionConfigurationPlatforms) = preSolution
		Debug|Any CPU = Debug|Any CPU
		Debug|x64 = Debug|x64
		Release|Any CPU = Release|Any CPU
		Release|x64 = Release|x64
	EndGlobalSection
	GlobalSection(ProjectConfigurationPlatforms) = postSolution
		{006717C7-AA8D-4F47-94A6-6F71C526E7DD}.Debug|Any CPU.ActiveCfg = Debug|x64
		{006717C7-AA8D-4F47-94A6-6F71C526E7DD}.Debug|x64.ActiveCfg = Debug|x64
		{006717C7-AA8D-4F47-94A6-6F71C526E7DD}.Debug|x64.Build.0 = Debug|x64
		{006717C7-AA8D-4F47-94A6-6F71C526E7DD}.Release|Any CPU.ActiveCfg = Release|x64
		{006717C7-AA8D-4F47-94A6-6F71C526E7DD}.Release|x64.ActiveCfg = Release|x64
		{006717C7-AA8D-4F47-94A6-6F71C526E7DD}.Release|x64.Build.0 = Release|x64
		{DFA93511-1119-446B-AE88-116B9167C09C}.Debug|Any CPU.ActiveCfg = Debug|x64
		{DFA93511-1119-446B-AE88-116B9167C09C}.Debug|x64.ActiveCfg = Debug|x64
		{DFA93511-1119-446B-AE88-116B9167C09C}.Debug|x64.Build.0 = Debug|x64
		{DFA93511-1119-446B-AE88-116B9167C09C}.Release|Any CPU.ActiveCfg = Release|x64
		{DFA93511-1119-446B-AE88-116B9167C09C}.Release|x64.ActiveCfg = Release|x64
		{DFA93511-1119-446B-AE88-116B9167C09C}.Release|x64.Build.0 = Release|x64
		{C799B853-615E-4215-A17A-4E2F9687A163}.Debug|Any CPU.ActiveCfg = Debug|x64
		{C799B853-615E-4215-A17A-4E2F9687A163}.Debug|x64.ActiveCfg = Debug|x64
		{C799B853-615E-4215-A17A-4E2F9687A163}.Debug|x64.Build.0 = Debug|x64
		{C799B853-615E-4215-A17A-4E2F9687A163}.Release|Any CPU.ActiveCfg = Release|x64
		{C799B853-615E-4215-A17A-4E2F9687A163}.Release|x64.ActiveCfg = Release|x64
		{C799B853-615E-4215-A17A-4E2F9687A163}.Release|x64.Build.0 = Release|x64
		{14A58A49-5247-442F-B0F2-C3A5D7A88D76}.Debug|Any CPU.ActiveCfg = Debug|x64
		{14A58A49-5247-442F-B0F2-C3A5D7A88D76}.Debug|x64.ActiveCfg = Debug|x64
		{14A58A49-5247-442F-B0F2-C3A5D7A88D76}.Debug|x64.Build.0 = Debug|x64
		{14A58A49-5247-442F-B0F2-C3A5D7A88D76}.Release|Any CPU.ActiveCfg = Release|x64
		{14A58A49-5247-442F-B0F2-C3A5D7A88D76}.Release|x64.ActiveCfg = Release|x64
		{14A58A49-5247-442F-B0F2-C3A5D7A88D76}.Release|x64.Build.0 = Release|x64
		{8EDF4429-251A-416D-BB68-93F227191BCF}.Debug|Any CPU.ActiveCfg = Debug|x64
		{8EDF4429-251A-416D-BB68-93F227191BCF}.Debug|x64.ActiveCfg = Debug|x64
		{8EDF4429-251A-416D-BB68-93F227191BCF}.Debug|x64.Build.0 = Debug|x64
		{8EDF4429-251A-416D-BB68-93F227191BCF}.Release|Any CPU.ActiveCfg = Release|x64
		{8EDF4429-251A-416D-BB68-93F227191BCF}.Release|x64.ActiveCfg = Release|x64
		{8EDF4429-251A-416D-BB68-93F227191BCF}.Release|x64.Build.0 = Release|x64
		{778AAA2E-D892-4B64-8135-D0F4BAED1E5D}.Debug|Any CPU.ActiveCfg = Debug|Any CPU
		{778AAA2E-D892-4B64-8135-D0F4BAED1E5D}.Debug|Any CPU.Build.0 = Debug|Any CPU
		{778AAA2E-D892-4B64-8135-D0F4BAED1E5D}.Debug|x64.ActiveCfg = Debug|Any CPU
		{778AAA2E-D892-4B64-8135-D0F4BAED1E5D}.Debug|x64.Build.0 = Debug|Any CPU
		{778AAA2E-D892-4B64-8135-D0F4BAED1E5D}.Release|Any CPU.ActiveCfg = Release|Any CPU
		{778AAA2E-D892-4B64-8135-D0F4BAED1E5D}.Release|Any CPU.Build.0 = Release|Any CPU
		{778AAA2E-D892-4B64-8135-D0F4BAED1E5D}.Release|x64.ActiveCfg = Release|Any CPU
		{778AAA2E-D892-4B64-8135-D0F4BAED1E5D}.Release|x64.Build.0 = Release|Any CPU
	EndGlobalSection
	GlobalSection(SolutionProperties) = preSolution
		HideSolutionNode = FALSE
	EndGlobalSection
	GlobalSection(ExtensibilityGlobals) = postSolution
		SolutionGuid = {A4F0E8FD-4FCC-4192-869E-69CA8134E1E1}
	EndGlobalSection
EndGlobal
