
Microsoft Visual Studio Solution File, Format Version 12.00
# Visual Studio 15
VisualStudioVersion = 15.0.27130.2036
MinimumVisualStudioVersion = 10.0.40219.1
Project("{FAE04EC0-301F-11D3-BF4B-00C04F79EFBC}") = "SanBag", "SanBag\SanBag.csproj", "{006717C7-AA8D-4F47-94A6-6F71C526E7DD}"
EndProject
Project("{FAE04EC0-301F-11D3-BF4B-00C04F79EFBC}") = "AtlasView", "AtlasView\AtlasView.csproj", "{DFA93511-1119-446B-AE88-116B9167C09C}"
EndProject
Project("{FAE04EC0-301F-11D3-BF4B-00C04F79EFBC}") = "CommonUI", "CommonUI\CommonUI.csproj", "{C799B853-615E-4215-A17A-4E2F9687A163}"
EndProject
Global
	GlobalSection(SolutionConfigurationPlatforms) = preSolution
		Debug|x64 = Debug|x64
		Release|x64 = Release|x64
	EndGlobalSection
	GlobalSection(ProjectConfigurationPlatforms) = postSolution
		{006717C7-AA8D-4F47-94A6-6F71C526E7DD}.Debug|x64.ActiveCfg = Debug|x64
		{006717C7-AA8D-4F47-94A6-6F71C526E7DD}.Debug|x64.Build.0 = Debug|x64
		{006717C7-AA8D-4F47-94A6-6F71C526E7DD}.Release|x64.ActiveCfg = Release|x64
		{006717C7-AA8D-4F47-94A6-6F71C526E7DD}.Release|x64.Build.0 = Release|x64
		{DFA93511-1119-446B-AE88-116B9167C09C}.Debug|x64.ActiveCfg = Debug|x64
		{DFA93511-1119-446B-AE88-116B9167C09C}.Debug|x64.Build.0 = Debug|x64
		{DFA93511-1119-446B-AE88-116B9167C09C}.Release|x64.ActiveCfg = Release|x64
		{DFA93511-1119-446B-AE88-116B9167C09C}.Release|x64.Build.0 = Release|x64
		{C799B853-615E-4215-A17A-4E2F9687A163}.Debug|x64.ActiveCfg = Debug|x64
		{C799B853-615E-4215-A17A-4E2F9687A163}.Debug|x64.Build.0 = Debug|x64
		{C799B853-615E-4215-A17A-4E2F9687A163}.Release|x64.ActiveCfg = Release|x64
		{C799B853-615E-4215-A17A-4E2F9687A163}.Release|x64.Build.0 = Release|x64
	EndGlobalSection
	GlobalSection(SolutionProperties) = preSolution
		HideSolutionNode = FALSE
	EndGlobalSection
	GlobalSection(ExtensibilityGlobals) = postSolution
		SolutionGuid = {A4F0E8FD-4FCC-4192-869E-69CA8134E1E1}
	EndGlobalSection
EndGlobal
